
Microsoft Visual Studio Solution File, Format Version 12.00
# Visual Studio Version 16
VisualStudioVersion = 16.0.31025.194
MinimumVisualStudioVersion = 10.0.40219.1
Project("{FAE04EC0-301F-11D3-BF4B-00C04F79EFBC}") = "GetYoutubeThreads", "GetYoutubeThreads.csproj", "{C8774272-3178-4435-BDFC-9C6471C57C89}"
EndProject
Global
	GlobalSection(SolutionConfigurationPlatforms) = preSolution
		Debug|Any CPU = Debug|Any CPU
		Release|Any CPU = Release|Any CPU
	EndGlobalSection
	GlobalSection(ProjectConfigurationPlatforms) = postSolution
		{C8774272-3178-4435-BDFC-9C6471C57C89}.Debug|Any CPU.ActiveCfg = Debug|Any CPU
		{C8774272-3178-4435-BDFC-9C6471C57C89}.Debug|Any CPU.Build.0 = Debug|Any CPU
		{C8774272-3178-4435-BDFC-9C6471C57C89}.Release|Any CPU.ActiveCfg = Release|Any CPU
		{C8774272-3178-4435-BDFC-9C6471C57C89}.Release|Any CPU.Build.0 = Release|Any CPU
	EndGlobalSection
	GlobalSection(SolutionProperties) = preSolution
		HideSolutionNode = FALSE
	EndGlobalSection
	GlobalSection(ExtensibilityGlobals) = postSolution
		SolutionGuid = {9E943518-DEF5-42A8-BB50-C1E62AFE01E0}
	EndGlobalSection
EndGlobal
